github.com/davecgh/go-spew v1.1.1 h1:vj9j/u1bqnvCEfJOwUhtlOARqs3+rkHYY13jYWTU97c=
github.com/davecgh/go-spew v1.1.1/go.mod h1:J7Y8YcW2NihsgmVo/mv3lAwl/skON4iLHjSsI+c5H38=
github.com/google/go-cmp v0.7.0 h1:wk8382ETsv4JYUZwIsn6YpYiWiBsYLSJiTsyBybVuN8=
github.com/google/go-cmp v0.7.0/go.mod h1:pXiqmnSA92OHEEa9HXL2W4E7lf9JzCmGVUdgjX3N/iU=
github.com/pmezard/go-difflib v1.0.0 h1:4DBwDE0NGyQoBHbLQYPwSUPoCMWR5BEzIk/f1lZbAQM=
github.com/pmezard/go-difflib v1.0.0/go.mod h1:iKH77koFhYxTK1pcRnkKkqfTogsbg7gZNVY4sRDYZ/4=
github.com/rabbitmq/amqp091-go v1.11.0 h1:HxIctVm9Gid/Vtn706necmZ7Wj6pgGI2eqplRbEY8O8=
github.com/rabbitmq/amqp091-go v1.11.0/go.mod h1:Hy4jKW5kQART1u+JkDTF9YYOQUHXqMuhrgxOEeS7G4o=
github.com/sakamoto-max/rabbit_mq v0.0.0-20260428095648-b074b30e8056 h1:MgOKc1Q/6Jp7hDuE3aSEcmZ1wvU6TX5A9MtMJUZBzp4=
github.com/sakamoto-max/rabbit_mq v0.0.0-20260428095648-b074b30e8056/go.mod h1:bVVRb8LccqYx72JyIogpSkCTVLY+Pnx55fG0ZDM9a6s=
github.com/sakamoto-max/rabbit_mq v1.0.1 h1:kt876DiYyoyPCdyZIToHLNR95WC5v1v64rmEriNWzTY=
github.com/sakamoto-max/rabbit_mq v1.0.1/go.mod h1:bVVRb8LccqYx72JyIogpSkCTVLY+Pnx55fG0ZDM9a6s=
github.com/sakamoto-max/wt_2_pkg v0.0.0-20260429114223-5f308609d5ba h1:ayEzn70puI4hjdMbWD3ON5eZy4LsmmmxllW1wV5x9C4=
github.com/sakamoto-max/wt_2_pkg v0.0.0-20260429114223-5f308609d5ba/go.mod h1:iG7xX4nTbmew1MGAzL7ek8Cxlz6rxojuUDTKqQjYDCM=
github.com/sakamoto-max/wt_2_proto v0.0.0-20260429101209-7b83eb96794e h1:eqWFowLTkFV1NVMQliBE7DsRC4Ub0yM/m4oq1RvkmS4=
github.com/sakamoto-max/wt_2_proto v0.0.0-20260429101209-7b83eb96794e/go.mod h1:IQ0InitHb0lgIH9AxEsZy1+COkSYikIHjQSXUrgy8uo=
github.com/stretchr/testify v1.8.1 h1:w7B6lhMri9wdJUVmEZPGGhZzrYTPvgJArz7wNPgYKsk=
github.com/stretchr/testify v1.8.1/go.mod h1:w2LPCIKwWwSfY2zedu0+kehJoqGctiVI29o6fzry7u4=
go.uber.org/goleak v1.3.0 h1:2K3zAYmnTNqV73imy9J1T3WC+gmCePx2hEGkimedGto=
go.uber.org/goleak v1.3.0/go.mod h1:CoHD4mav9JJNrW/WLlf7HGZPjdw8EucARQHekz1X6bE=
go.uber.org/multierr v1.11.0 h1:blXXJkSxSSfBVBlC76pxqeO+LN3aDfLQo+309xJstO0=
go.uber.org/multierr v1.11.0/go.mod h1:20+QtiLqy0Nd6FdQB9TLXag12DsQkrbs3htMFfDN80Y=
go.uber.org/zap v1.28.0 h1:IZzaP1Fv73/T/pBMLk4VutPl36uNC+OSUh3JLG3FIjo=
go.uber.org/zap v1.28.0/go.mod h1:rDLpOi171uODNm/mxFcuYWxDsqWSAVkFdX4XojSKg/Q=
go.yaml.in/yaml/v3 v3.0.4 h1:tfq32ie2Jv2UxXFdLJdh3jXuOzWiL1fo0bu/FbuKpbc=
go.yaml.in/yaml/v3 v3.0.4/go.mod h1:DhzuOOF2ATzADvBadXxruRBLzYTpT36CKvDb3+aBEFg=
google.golang.org/protobuf v1.36.11 h1:fV6ZwhNocDyBLK0dj+fg8ektcVegBBuEolpbTQyBNVE=
google.golang.org/protobuf v1.36.11/go.mod h1:HTf+CrKn2C3g5S8VImy6tdcUvCska2kB7j23XfzDpco=
gopkg.in/yaml.v3 v3.0.1 h1:fxVm/GzAzEWqLHuvctI91KS9hhNmmWOoWu0XTYJS7CA=
gopkg.in/yaml.v3 v3.0.1/go.mod h1:K4uyk7z7BCEPqu6E+C64Yfv1cQ7kz7rIZviUmN+EgEM=
